
Microsoft Visual Studio Solution File, Format Version 12.00
# Visual Studio Version 16
VisualStudioVersion = 16.0.29326.143
MinimumVisualStudioVersion = 10.0.40219.1
Project("{2150E333-8FDC-42A3-9474-1A3956D46DE8}") = "Solution Items", "Solution Items", "{E0ECBD98-8972-4C0E-81C3-059F703D5D3C}"
	ProjectSection(SolutionItems) = preProject
		..\.editorconfig = ..\.editorconfig
	EndProjectSection
EndProject
Project("{9A19103F-16F7-4668-BE54-9A1E7A4F7556}") = "Clipboard Manager", "Clipboard Manager.csproj", "{4C1355D1-E8EF-41F1-9D1E-2141BC9E0A2E}"
EndProject
Global
	GlobalSection(SolutionConfigurationPlatforms) = preSolution
		Debug|Any CPU = Debug|Any CPU
		Release|Any CPU = Release|Any CPU
	EndGlobalSection
	GlobalSection(ProjectConfigurationPlatforms) = postSolution
		{4C1355D1-E8EF-41F1-9D1E-2141BC9E0A2E}.Debug|Any CPU.ActiveCfg = Debug|Any CPU
		{4C1355D1-E8EF-41F1-9D1E-2141BC9E0A2E}.Debug|Any CPU.Build.0 = Debug|Any CPU
		{4C1355D1-E8EF-41F1-9D1E-2141BC9E0A2E}.Release|Any CPU.ActiveCfg = Release|Any CPU
		{4C1355D1-E8EF-41F1-9D1E-2141BC9E0A2E}.Release|Any CPU.Build.0 = Release|Any CPU
	EndGlobalSection
	GlobalSection(SolutionProperties) = preSolution
		HideSolutionNode = FALSE
	EndGlobalSection
	GlobalSection(ExtensibilityGlobals) = postSolution
		SolutionGuid = {25059F29-B080-4B27-8025-1C1DF04390AD}
	EndGlobalSection
EndGlobal
